
Microsoft Visual Studio Solution File, Format Version 12.00
# Visual Studio Version 16
VisualStudioVersion = 16.0.29102.190
MinimumVisualStudioVersion = 10.0.40219.1
Project("{FAE04EC0-301F-11D3-BF4B-00C04F79EFBC}") = "HMMSLoadExcelFiles", "HMMSLoadExcelFiles\HMMSLoadExcelFiles.csproj", "{A028C7E1-9F75-4F0F-97F8-40B824C2139A}"
EndProject
Global
	GlobalSection(SolutionConfigurationPlatforms) = preSolution
		Debug|Any CPU = Debug|Any CPU
		Release|Any CPU = Release|Any CPU
	EndGlobalSection
	GlobalSection(ProjectConfigurationPlatforms) = postSolution
		{A028C7E1-9F75-4F0F-97F8-40B824C2139A}.Debug|Any CPU.ActiveCfg = Debug|Any CPU
		{A028C7E1-9F75-4F0F-97F8-40B824C2139A}.Debug|Any CPU.Build.0 = Debug|Any CPU
		{A028C7E1-9F75-4F0F-97F8-40B824C2139A}.Release|Any CPU.ActiveCfg = Release|Any CPU
		{A028C7E1-9F75-4F0F-97F8-40B824C2139A}.Release|Any CPU.Build.0 = Release|Any CPU
	EndGlobalSection
	GlobalSection(SolutionProperties) = preSolution
		HideSolutionNode = FALSE
	EndGlobalSection
	GlobalSection(ExtensibilityGlobals) = postSolution
		SolutionGuid = {54F1D108-5886-46AA-98B7-10D5382B6CBF}
	EndGlobalSection
EndGlobal
